
Microsoft Visual Studio Solution File, Format Version 12.00
# Visual Studio Version 16
VisualStudioVersion = 16.0.29509.3
MinimumVisualStudioVersion = 10.0.40219.1
Project("{FAE04EC0-301F-11D3-BF4B-00C04F79EFBC}") = "MonkeyAlgorithm", "MonkeyAlgorithm.csproj", "{2156FD65-D83D-43E6-8E93-7509C187952B}"
EndProject
Global
	GlobalSection(SolutionConfigurationPlatforms) = preSolution
		Debug|Any CPU = Debug|Any CPU
		Release|Any CPU = Release|Any CPU
	EndGlobalSection
	GlobalSection(ProjectConfigurationPlatforms) = postSolution
		{2156FD65-D83D-43E6-8E93-7509C187952B}.Debug|Any CPU.ActiveCfg = Debug|Any CPU
		{2156FD65-D83D-43E6-8E93-7509C187952B}.Debug|Any CPU.Build.0 = Debug|Any CPU
		{2156FD65-D83D-43E6-8E93-7509C187952B}.Release|Any CPU.ActiveCfg = Release|Any CPU
		{2156FD65-D83D-43E6-8E93-7509C187952B}.Release|Any CPU.Build.0 = Release|Any CPU
	EndGlobalSection
	GlobalSection(SolutionProperties) = preSolution
		HideSolutionNode = FALSE
	EndGlobalSection
	GlobalSection(ExtensibilityGlobals) = postSolution
		SolutionGuid = {49E7DCC0-FB6C-4055-B4B7-15BD9E1D5BA7}
	EndGlobalSection
EndGlobal
